{
  "name": "react-github-btn",
  "version": "1.2.1",
  "lockfileVersion": 2,
  "requires": true,
  "packages": {
    "": {
      "name": "react-github-btn",
      "version": "1.2.1",
      "license": "BSD-2-Clause",
      "dependencies": {
        "github-buttons": "^2.19.0"
      }
    },
    "node_modules/github-buttons": {
      "version": "2.20.1",
      "resolved": "https://registry.npmjs.org/github-buttons/-/github-buttons-2.20.1.tgz",
      "integrity": "sha512-UQpZJP7uVtbjy9vXuIMktmtoH9REy0V50iQnFQ56cyOqzDE8e/9WGedTMD8qVwp593Kyn+EKo2e4IKshoXBeZQ=="
    }
  },
  "dependencies": {
    "github-buttons": {
      "version": "2.20.1",
      "resolved": "https://registry.npmjs.org/github-buttons/-/github-buttons-2.20.1.tgz",
      "integrity": "sha512-UQpZJP7uVtbjy9vXuIMktmtoH9REy0V50iQnFQ56cyOqzDE8e/9WGedTMD8qVwp593Kyn+EKo2e4IKshoXBeZQ=="
    }
  }
}
