{
  "name": "react-github-btn",
  "version": "1.0.0",
  "lockfileVersion": 1,
  "requires": true,
  "dependencies": {
    "github-buttons": {
      "version": "2.1.0",
      "resolved": "https://registry.npmjs.org/github-buttons/-/github-buttons-2.1.0.tgz",
      "integrity": "sha512-s3IKWxBGBxEyxnGsZhQzsF5D+71Bl+7+kXOLn5oXpNjz0+i8vDM48O4pWICRlah18H1dHg3zF4YumTtrpcrmNw=="
    }
  }
}
