{
  "name": "react-github-btn",
  "version": "1.0.1",
  "lockfileVersion": 1,
  "requires": true,
  "dependencies": {
    "github-buttons": {
      "version": "2.2.5",
      "resolved": "https://registry.npmjs.org/github-buttons/-/github-buttons-2.2.5.tgz",
      "integrity": "sha512-r0SaetFSZLBKzpp508S0GKZUewZy1tWMAPksLa8IgB5KQJBfmK6Ncj6hrdQwOLB4xTqyTyCaKJDhBH8IZJx52A=="
    }
  }
}
